// !$*UTF8*$!
{
	archiveVersion = 1;
	classes = {
	};
	objectVersion = 51;
	objects = {

/* Begin PBXBuildFile section */
		C503CE842346D6FC00D3C7D7 /* User.swift in Sources */ = {isa = PBXBuildFile; fileRef = C503CE832346D6FC00D3C7D7 /* User.swift */; };
		C50C9D0822ED12A700A22A5D /* AppDelegate.swift in Sources */ = {isa = PBXBuildFile; fileRef = C50C9D0722ED12A700A22A5D /* AppDelegate.swift */; };
		C50C9D0A22ED12A700A22A5D /* SignUpController.swift in Sources */ = {isa = PBXBuildFile; fileRef = C50C9D0922ED12A700A22A5D /* SignUpController.swift */; };
		C50C9D0F22ED12AA00A22A5D /* Assets.xcassets in Resources */ = {isa = PBXBuildFile; fileRef = C50C9D0E22ED12AA00A22A5D /* Assets.xcassets */; };
		C50C9D1222ED12AA00A22A5D /* LaunchScreen.storyboard in Resources */ = {isa = PBXBuildFile; fileRef = C50C9D1022ED12AA00A22A5D /* LaunchScreen.storyboard */; };
		C50C9D2222ED1F9100A22A5D /* UILabel+Helper.swift in Sources */ = {isa = PBXBuildFile; fileRef = C50C9D1A22ED1F9100A22A5D /* UILabel+Helper.swift */; };
		C50C9D2322ED1F9100A22A5D /* UIButton+Helper.swift in Sources */ = {isa = PBXBuildFile; fileRef = C50C9D1B22ED1F9100A22A5D /* UIButton+Helper.swift */; };
		C50C9D2422ED1F9100A22A5D /* UIStackView+Helper.swift in Sources */ = {isa = PBXBuildFile; fileRef = C50C9D1C22ED1F9100A22A5D /* UIStackView+Helper.swift */; };
		C50C9D2522ED1F9100A22A5D /* UIView+Anchors.swift in Sources */ = {isa = PBXBuildFile; fileRef = C50C9D1D22ED1F9100A22A5D /* UIView+Anchors.swift */; };
		C50C9D2622ED1F9100A22A5D /* CALayer+Helper.swift in Sources */ = {isa = PBXBuildFile; fileRef = C50C9D1E22ED1F9100A22A5D /* CALayer+Helper.swift */; };
		C50C9D2722ED1F9100A22A5D /* UIColor+Helper.swift in Sources */ = {isa = PBXBuildFile; fileRef = C50C9D1F22ED1F9100A22A5D /* UIColor+Helper.swift */; };
		C50C9D2822ED1F9100A22A5D /* UITextView+Helper.swift in Sources */ = {isa = PBXBuildFile; fileRef = C50C9D2022ED1F9100A22A5D /* UITextView+Helper.swift */; };
		C50C9D2922ED1F9100A22A5D /* UIImage+Helper.swift in Sources */ = {isa = PBXBuildFile; fileRef = C50C9D2122ED1F9100A22A5D /* UIImage+Helper.swift */; };
		C50C9D2C22ED553500A22A5D /* Colors.swift in Sources */ = {isa = PBXBuildFile; fileRef = C50C9D2B22ED553500A22A5D /* Colors.swift */; };
		C50C9D2E22ED563A00A22A5D /* Fonts.swift in Sources */ = {isa = PBXBuildFile; fileRef = C50C9D2D22ED563A00A22A5D /* Fonts.swift */; };
		C50C9D3022EE8B8E00A22A5D /* GoogleService-Info.plist in Resources */ = {isa = PBXBuildFile; fileRef = C50C9D2F22EE8B8E00A22A5D /* GoogleService-Info.plist */; };
		C50C9D3422EFAD0400A22A5D /* ImagePickerHelper.swift in Sources */ = {isa = PBXBuildFile; fileRef = C50C9D3322EFAD0400A22A5D /* ImagePickerHelper.swift */; };
		C50C9D3622EFD9AD00A22A5D /* MainTabBarController.swift in Sources */ = {isa = PBXBuildFile; fileRef = C50C9D3522EFD9AD00A22A5D /* MainTabBarController.swift */; };
		C50C9D3822EFDB7500A22A5D /* UserProfileController.swift in Sources */ = {isa = PBXBuildFile; fileRef = C50C9D3722EFDB7500A22A5D /* UserProfileController.swift */; };
		C50C9D3B22F005AB00A22A5D /* UserProfileHeader.swift in Sources */ = {isa = PBXBuildFile; fileRef = C50C9D3A22F005AB00A22A5D /* UserProfileHeader.swift */; };
		C50C9D3D22F007DB00A22A5D /* Cells+Helper.swift in Sources */ = {isa = PBXBuildFile; fileRef = C50C9D3C22F007DB00A22A5D /* Cells+Helper.swift */; };
		C50DA47C23D605D7003CB483 /* ViewController+Helper.swift in Sources */ = {isa = PBXBuildFile; fileRef = C50DA47B23D605D7003CB483 /* ViewController+Helper.swift */; };
		C5516B36246D46540087CB10 /* SceneDelegate.swift in Sources */ = {isa = PBXBuildFile; fileRef = C5516B35246D46540087CB10 /* SceneDelegate.swift */; };
		C5560E8F23DE8DD8007D9F5F /* SearchCell.swift in Sources */ = {isa = PBXBuildFile; fileRef = C5560E8E23DE8DD8007D9F5F /* SearchCell.swift */; };
		C558C4DE246A0CCE005CFF4C /* DateManager.swift in Sources */ = {isa = PBXBuildFile; fileRef = C558C4DD246A0CCE005CFF4C /* DateManager.swift */; };
		C56AB2F5232FC8F70091D1A8 /* Firebase+Helper.swift in Sources */ = {isa = PBXBuildFile; fileRef = C56AB2F4232FC8F70091D1A8 /* Firebase+Helper.swift */; };
		C570F161246D1DC1003E8B0B /* CameraController.swift in Sources */ = {isa = PBXBuildFile; fileRef = C570F160246D1DC1003E8B0B /* CameraController.swift */; };
		C58C7E3B2341636B00BF4265 /* HomeController.swift in Sources */ = {isa = PBXBuildFile; fileRef = C58C7E3A2341636B00BF4265 /* HomeController.swift */; };
		C58C7E3D234171BD00BF4265 /* HomePostCell.swift in Sources */ = {isa = PBXBuildFile; fileRef = C58C7E3C234171BD00BF4265 /* HomePostCell.swift */; };
		C5A453CE22F55B330014F91F /* PhotoSelectorController.swift in Sources */ = {isa = PBXBuildFile; fileRef = C5A453CD22F55B330014F91F /* PhotoSelectorController.swift */; };
		C5A87FB92311D5160087A3E4 /* SharePhotoController.swift in Sources */ = {isa = PBXBuildFile; fileRef = C5A87FB82311D5160087A3E4 /* SharePhotoController.swift */; };
		C5AAFA3722F125180018C012 /* LoginController.swift in Sources */ = {isa = PBXBuildFile; fileRef = C5AAFA3622F125180018C012 /* LoginController.swift */; };
		C5AAFA3A22F143BB0018C012 /* Validations.swift in Sources */ = {isa = PBXBuildFile; fileRef = C5AAFA3922F143BB0018C012 /* Validations.swift */; };
		C5BF76192340F06B00D892FC /* Post.swift in Sources */ = {isa = PBXBuildFile; fileRef = C5BF76182340F06B00D892FC /* Post.swift */; };
		C5BF761B2340F4EF00D892FC /* UserProfilePhotoCell.swift in Sources */ = {isa = PBXBuildFile; fileRef = C5BF761A2340F4EF00D892FC /* UserProfilePhotoCell.swift */; };
		C5C33C6E246F901700B8EC84 /* VideoPlayer.swift in Sources */ = {isa = PBXBuildFile; fileRef = C5C33C6D246F901700B8EC84 /* VideoPlayer.swift */; };
		C5E3815522F590C20093D2F3 /* PhotoSelectorCell.swift in Sources */ = {isa = PBXBuildFile; fileRef = C5E3815422F590C20093D2F3 /* PhotoSelectorCell.swift */; };
		C5FCECFA234ADC9300BAD054 /* UserSearchController.swift in Sources */ = {isa = PBXBuildFile; fileRef = C5FCECF9234ADC9300BAD054 /* UserSearchController.swift */; };
		C5FCECFC234AE1AC00BAD054 /* UISearchbar+Helper.swift in Sources */ = {isa = PBXBuildFile; fileRef = C5FCECFB234AE1AC00BAD054 /* UISearchbar+Helper.swift */; };
		F11F16617A999335EF963B18 /* libPods-InstagramClone.a in Frameworks */ = {isa = PBXBuildFile; fileRef = 289C7D9A395FC3356E414F71 /* libPods-InstagramClone.a */; };
/* End PBXBuildFile section */

/* Begin PBXFileReference section */
		289C7D9A395FC3356E414F71 /* libPods-InstagramClone.a */ = {isa = PBXFileReference; explicitFileType = archive.ar; includeInIndex = 0; path = "libPods-InstagramClone.a"; sourceTree = BUILT_PRODUCTS_DIR; };
		A9A29ABF5AC2E8453D223EFB /* Pods-InstagramClone.debug.xcconfig */ = {isa = PBXFileReference; includeInIndex = 1; lastKnownFileType = text.xcconfig; name = "Pods-InstagramClone.debug.xcconfig"; path = "Pods/Target Support Files/Pods-InstagramClone/Pods-InstagramClone.debug.xcconfig"; sourceTree = "<group>"; };
		BDAD195EDC7150F40FC79731 /* Pods-InstagramClone.release.xcconfig */ = {isa = PBXFileReference; includeInIndex = 1; lastKnownFileType = text.xcconfig; name = "Pods-InstagramClone.release.xcconfig"; path = "Pods/Target Support Files/Pods-InstagramClone/Pods-InstagramClone.release.xcconfig"; sourceTree = "<group>"; };
		C503CE832346D6FC00D3C7D7 /* User.swift */ = {isa = PBXFileReference; lastKnownFileType = sourcecode.swift; path = User.swift; sourceTree = "<group>"; };
		C50C9D0422ED12A700A22A5D /* InstagramClone.app */ = {isa = PBXFileReference; explicitFileType = wrapper.application; includeInIndex = 0; path = InstagramClone.app; sourceTree = BUILT_PRODUCTS_DIR; };
		C50C9D0722ED12A700A22A5D /* AppDelegate.swift */ = {isa = PBXFileReference; lastKnownFileType = sourcecode.swift; path = AppDelegate.swift; sourceTree = "<group>"; };
		C50C9D0922ED12A700A22A5D /* SignUpController.swift */ = {isa = PBXFileReference; lastKnownFileType = sourcecode.swift; path = SignUpController.swift; sourceTree = "<group>"; };
		C50C9D0E22ED12AA00A22A5D /* Assets.xcassets */ = {isa = PBXFileReference; lastKnownFileType = folder.assetcatalog; path = Assets.xcassets; sourceTree = "<group>"; };
		C50C9D1122ED12AA00A22A5D /* Base */ = {isa = PBXFileReference; lastKnownFileType = file.storyboard; name = Base; path = Base.lproj/LaunchScreen.storyboard; sourceTree = "<group>"; };
		C50C9D1322ED12AA00A22A5D /* Info.plist */ = {isa = PBXFileReference; lastKnownFileType = text.plist.xml; path = Info.plist; sourceTree = "<group>"; };
		C50C9D1A22ED1F9100A22A5D /* UILabel+Helper.swift */ = {isa = PBXFileReference; fileEncoding = 4; lastKnownFileType = sourcecode.swift; path = "UILabel+Helper.swift"; sourceTree = "<group>"; };
		C50C9D1B22ED1F9100A22A5D /* UIButton+Helper.swift */ = {isa = PBXFileReference; fileEncoding = 4; lastKnownFileType = sourcecode.swift; path = "UIButton+Helper.swift"; sourceTree = "<group>"; };
		C50C9D1C22ED1F9100A22A5D /* UIStackView+Helper.swift */ = {isa = PBXFileReference; fileEncoding = 4; lastKnownFileType = sourcecode.swift; path = "UIStackView+Helper.swift"; sourceTree = "<group>"; };
		C50C9D1D22ED1F9100A22A5D /* UIView+Anchors.swift */ = {isa = PBXFileReference; fileEncoding = 4; lastKnownFileType = sourcecode.swift; path = "UIView+Anchors.swift"; sourceTree = "<group>"; };
		C50C9D1E22ED1F9100A22A5D /* CALayer+Helper.swift */ = {isa = PBXFileReference; fileEncoding = 4; lastKnownFileType = sourcecode.swift; path = "CALayer+Helper.swift"; sourceTree = "<group>"; };
		C50C9D1F22ED1F9100A22A5D /* UIColor+Helper.swift */ = {isa = PBXFileReference; fileEncoding = 4; lastKnownFileType = sourcecode.swift; path = "UIColor+Helper.swift"; sourceTree = "<group>"; };
		C50C9D2022ED1F9100A22A5D /* UITextView+Helper.swift */ = {isa = PBXFileReference; fileEncoding = 4; lastKnownFileType = sourcecode.swift; path = "UITextView+Helper.swift"; sourceTree = "<group>"; };
		C50C9D2122ED1F9100A22A5D /* UIImage+Helper.swift */ = {isa = PBXFileReference; fileEncoding = 4; lastKnownFileType = sourcecode.swift; path = "UIImage+Helper.swift"; sourceTree = "<group>"; };
		C50C9D2B22ED553500A22A5D /* Colors.swift */ = {isa = PBXFileReference; lastKnownFileType = sourcecode.swift; path = Colors.swift; sourceTree = "<group>"; };
		C50C9D2D22ED563A00A22A5D /* Fonts.swift */ = {isa = PBXFileReference; lastKnownFileType = sourcecode.swift; path = Fonts.swift; sourceTree = "<group>"; };
		C50C9D2F22EE8B8E00A22A5D /* GoogleService-Info.plist */ = {isa = PBXFileReference; fileEncoding = 4; lastKnownFileType = text.plist.xml; path = "GoogleService-Info.plist"; sourceTree = "<group>"; };
		C50C9D3322EFAD0400A22A5D /* ImagePickerHelper.swift */ = {isa = PBXFileReference; lastKnownFileType = sourcecode.swift; path = ImagePickerHelper.swift; sourceTree = "<group>"; };
		C50C9D3522EFD9AD00A22A5D /* MainTabBarController.swift */ = {isa = PBXFileReference; lastKnownFileType = sourcecode.swift; path = MainTabBarController.swift; sourceTree = "<group>"; };
		C50C9D3722EFDB7500A22A5D /* UserProfileController.swift */ = {isa = PBXFileReference; lastKnownFileType = sourcecode.swift; path = UserProfileController.swift; sourceTree = "<group>"; };
		C50C9D3A22F005AB00A22A5D /* UserProfileHeader.swift */ = {isa = PBXFileReference; lastKnownFileType = sourcecode.swift; path = UserProfileHeader.swift; sourceTree = "<group>"; };
		C50C9D3C22F007DB00A22A5D /* Cells+Helper.swift */ = {isa = PBXFileReference; lastKnownFileType = sourcecode.swift; path = "Cells+Helper.swift"; sourceTree = "<group>"; };
		C50DA47B23D605D7003CB483 /* ViewController+Helper.swift */ = {isa = PBXFileReference; lastKnownFileType = sourcecode.swift; path = "ViewController+Helper.swift"; sourceTree = "<group>"; };
		C5516B35246D46540087CB10 /* SceneDelegate.swift */ = {isa = PBXFileReference; lastKnownFileType = sourcecode.swift; path = SceneDelegate.swift; sourceTree = "<group>"; };
		C5560E8E23DE8DD8007D9F5F /* SearchCell.swift */ = {isa = PBXFileReference; lastKnownFileType = sourcecode.swift; path = SearchCell.swift; sourceTree = "<group>"; };
		C558C4DD246A0CCE005CFF4C /* DateManager.swift */ = {isa = PBXFileReference; lastKnownFileType = sourcecode.swift; path = DateManager.swift; sourceTree = "<group>"; };
		C56AB2F4232FC8F70091D1A8 /* Firebase+Helper.swift */ = {isa = PBXFileReference; lastKnownFileType = sourcecode.swift; path = "Firebase+Helper.swift"; sourceTree = "<group>"; };
		C570F160246D1DC1003E8B0B /* CameraController.swift */ = {isa = PBXFileReference; lastKnownFileType = sourcecode.swift; path = CameraController.swift; sourceTree = "<group>"; };
		C58C7E3A2341636B00BF4265 /* HomeController.swift */ = {isa = PBXFileReference; lastKnownFileType = sourcecode.swift; path = HomeController.swift; sourceTree = "<group>"; };
		C58C7E3C234171BD00BF4265 /* HomePostCell.swift */ = {isa = PBXFileReference; lastKnownFileType = sourcecode.swift; path = HomePostCell.swift; sourceTree = "<group>"; };
		C5A453CD22F55B330014F91F /* PhotoSelectorController.swift */ = {isa = PBXFileReference; lastKnownFileType = sourcecode.swift; path = PhotoSelectorController.swift; sourceTree = "<group>"; };
		C5A87FB82311D5160087A3E4 /* SharePhotoController.swift */ = {isa = PBXFileReference; lastKnownFileType = sourcecode.swift; path = SharePhotoController.swift; sourceTree = "<group>"; };
		C5AAFA3622F125180018C012 /* LoginController.swift */ = {isa = PBXFileReference; lastKnownFileType = sourcecode.swift; path = LoginController.swift; sourceTree = "<group>"; };
		C5AAFA3922F143BB0018C012 /* Validations.swift */ = {isa = PBXFileReference; lastKnownFileType = sourcecode.swift; path = Validations.swift; sourceTree = "<group>"; };
		C5BF76182340F06B00D892FC /* Post.swift */ = {isa = PBXFileReference; lastKnownFileType = sourcecode.swift; path = Post.swift; sourceTree = "<group>"; };
		C5BF761A2340F4EF00D892FC /* UserProfilePhotoCell.swift */ = {isa = PBXFileReference; lastKnownFileType = sourcecode.swift; path = UserProfilePhotoCell.swift; sourceTree = "<group>"; };
		C5C33C6D246F901700B8EC84 /* VideoPlayer.swift */ = {isa = PBXFileReference; lastKnownFileType = sourcecode.swift; path = VideoPlayer.swift; sourceTree = "<group>"; };
		C5E3815422F590C20093D2F3 /* PhotoSelectorCell.swift */ = {isa = PBXFileReference; lastKnownFileType = sourcecode.swift; path = PhotoSelectorCell.swift; sourceTree = "<group>"; };
		C5FCECF9234ADC9300BAD054 /* UserSearchController.swift */ = {isa = PBXFileReference; lastKnownFileType = sourcecode.swift; path = UserSearchController.swift; sourceTree = "<group>"; };
		C5FCECFB234AE1AC00BAD054 /* UISearchbar+Helper.swift */ = {isa = PBXFileReference; lastKnownFileType = sourcecode.swift; path = "UISearchbar+Helper.swift"; sourceTree = "<group>"; };
/* End PBXFileReference section */

/* Begin PBXFrameworksBuildPhase section */
		C50C9D0122ED12A700A22A5D /* Frameworks */ = {
			isa = PBXFrameworksBuildPhase;
			buildActionMask = 2147483647;
			files = (
				F11F16617A999335EF963B18 /* libPods-InstagramClone.a in Frameworks */,
			);
			runOnlyForDeploymentPostprocessing = 0;
		};
/* End PBXFrameworksBuildPhase section */

/* Begin PBXGroup section */
		2E39F223BF4B543C66CA9BA3 /* Pods */ = {
			isa = PBXGroup;
			children = (
				A9A29ABF5AC2E8453D223EFB /* Pods-InstagramClone.debug.xcconfig */,
				BDAD195EDC7150F40FC79731 /* Pods-InstagramClone.release.xcconfig */,
			);
			name = Pods;
			sourceTree = "<group>";
		};
		43682F44EE9A122285041158 /* Frameworks */ = {
			isa = PBXGroup;
			children = (
				289C7D9A395FC3356E414F71 /* libPods-InstagramClone.a */,
			);
			name = Frameworks;
			sourceTree = "<group>";
		};
		C50C9CFB22ED12A700A22A5D = {
			isa = PBXGroup;
			children = (
				C50C9D0622ED12A700A22A5D /* InstagramClone */,
				C50C9D0522ED12A700A22A5D /* Products */,
				2E39F223BF4B543C66CA9BA3 /* Pods */,
				43682F44EE9A122285041158 /* Frameworks */,
			);
			sourceTree = "<group>";
		};
		C50C9D0522ED12A700A22A5D /* Products */ = {
			isa = PBXGroup;
			children = (
				C50C9D0422ED12A700A22A5D /* InstagramClone.app */,
			);
			name = Products;
			sourceTree = "<group>";
		};
		C50C9D0622ED12A700A22A5D /* InstagramClone */ = {
			isa = PBXGroup;
			children = (
				C570F15F246D1D9F003E8B0B /* Camera */,
				C5FCECF8234ADC6A00BAD054 /* Search */,
				C58C7E392341634E00BF4265 /* Home */,
				C5BF76172340F05F00D892FC /* Models */,
				C5A87FB72311D4FE0087A3E4 /* Share Photo */,
				C5A453D022F576AB0014F91F /* Authorization */,
				C50C9D3922F0059100A22A5D /* UserProfile */,
				C5A453CC22F55B1F0014F91F /* UploadMedia */,
				C5AAFA3822F143A70018C012 /* Helpers */,
				C50C9D0722ED12A700A22A5D /* AppDelegate.swift */,
				C50C9D3522EFD9AD00A22A5D /* MainTabBarController.swift */,
				C50C9D0E22ED12AA00A22A5D /* Assets.xcassets */,
				C50C9D1022ED12AA00A22A5D /* LaunchScreen.storyboard */,
				C50C9D1322ED12AA00A22A5D /* Info.plist */,
				C50C9D2F22EE8B8E00A22A5D /* GoogleService-Info.plist */,
				C50C9D2A22ED551E00A22A5D /* Constants */,
				C5516B35246D46540087CB10 /* SceneDelegate.swift */,
			);
			path = InstagramClone;
			sourceTree = "<group>";
		};
		C50C9D1922ED13AD00A22A5D /* UIHelper */ = {
			isa = PBXGroup;
			children = (
				C50C9D1E22ED1F9100A22A5D /* CALayer+Helper.swift */,
				C50C9D1B22ED1F9100A22A5D /* UIButton+Helper.swift */,
				C50C9D1F22ED1F9100A22A5D /* UIColor+Helper.swift */,
				C50C9D2122ED1F9100A22A5D /* UIImage+Helper.swift */,
				C50C9D1A22ED1F9100A22A5D /* UILabel+Helper.swift */,
				C50C9D1C22ED1F9100A22A5D /* UIStackView+Helper.swift */,
				C50C9D2022ED1F9100A22A5D /* UITextView+Helper.swift */,
				C50C9D1D22ED1F9100A22A5D /* UIView+Anchors.swift */,
				C50C9D3322EFAD0400A22A5D /* ImagePickerHelper.swift */,
				C50C9D3C22F007DB00A22A5D /* Cells+Helper.swift */,
				C5FCECFB234AE1AC00BAD054 /* UISearchbar+Helper.swift */,
				C50DA47B23D605D7003CB483 /* ViewController+Helper.swift */,
				C558C4DD246A0CCE005CFF4C /* DateManager.swift */,
			);
			path = UIHelper;
			sourceTree = "<group>";
		};
		C50C9D2A22ED551E00A22A5D /* Constants */ = {
			isa = PBXGroup;
			children = (
				C50C9D2B22ED553500A22A5D /* Colors.swift */,
				C50C9D2D22ED563A00A22A5D /* Fonts.swift */,
				C56AB2F4232FC8F70091D1A8 /* Firebase+Helper.swift */,
			);
			path = Constants;
			sourceTree = "<group>";
		};
		C50C9D3922F0059100A22A5D /* UserProfile */ = {
			isa = PBXGroup;
			children = (
				C50C9D3722EFDB7500A22A5D /* UserProfileController.swift */,
				C50C9D3A22F005AB00A22A5D /* UserProfileHeader.swift */,
				C5BF761A2340F4EF00D892FC /* UserProfilePhotoCell.swift */,
			);
			path = UserProfile;
			sourceTree = "<group>";
		};
		C570F15F246D1D9F003E8B0B /* Camera */ = {
			isa = PBXGroup;
			children = (
				C570F160246D1DC1003E8B0B /* CameraController.swift */,
				C5C33C6D246F901700B8EC84 /* VideoPlayer.swift */,
			);
			path = Camera;
			sourceTree = "<group>";
		};
		C58C7E392341634E00BF4265 /* Home */ = {
			isa = PBXGroup;
			children = (
				C58C7E3A2341636B00BF4265 /* HomeController.swift */,
				C58C7E3C234171BD00BF4265 /* HomePostCell.swift */,
			);
			path = Home;
			sourceTree = "<group>";
		};
		C5A453CC22F55B1F0014F91F /* UploadMedia */ = {
			isa = PBXGroup;
			children = (
				C5A453CD22F55B330014F91F /* PhotoSelectorController.swift */,
				C5E3815422F590C20093D2F3 /* PhotoSelectorCell.swift */,
			);
			path = UploadMedia;
			sourceTree = "<group>";
		};
		C5A453D022F576AB0014F91F /* Authorization */ = {
			isa = PBXGroup;
			children = (
				C50C9D0922ED12A700A22A5D /* SignUpController.swift */,
				C5AAFA3622F125180018C012 /* LoginController.swift */,
				C5AAFA3922F143BB0018C012 /* Validations.swift */,
			);
			path = Authorization;
			sourceTree = "<group>";
		};
		C5A87FB72311D4FE0087A3E4 /* Share Photo */ = {
			isa = PBXGroup;
			children = (
				C5A87FB82311D5160087A3E4 /* SharePhotoController.swift */,
			);
			path = "Share Photo";
			sourceTree = "<group>";
		};
		C5AAFA3822F143A70018C012 /* Helpers */ = {
			isa = PBXGroup;
			children = (
				C50C9D1922ED13AD00A22A5D /* UIHelper */,
			);
			path = Helpers;
			sourceTree = "<group>";
		};
		C5BF76172340F05F00D892FC /* Models */ = {
			isa = PBXGroup;
			children = (
				C5BF76182340F06B00D892FC /* Post.swift */,
				C503CE832346D6FC00D3C7D7 /* User.swift */,
			);
			path = Models;
			sourceTree = "<group>";
		};
		C5FCECF8234ADC6A00BAD054 /* Search */ = {
			isa = PBXGroup;
			children = (
				C5FCECF9234ADC9300BAD054 /* UserSearchController.swift */,
				C5560E8E23DE8DD8007D9F5F /* SearchCell.swift */,
			);
			path = Search;
			sourceTree = "<group>";
		};
/* End PBXGroup section */

/* Begin PBXNativeTarget section */
		C50C9D0322ED12A700A22A5D /* InstagramClone */ = {
			isa = PBXNativeTarget;
			buildConfigurationList = C50C9D1622ED12AA00A22A5D /* Build configuration list for PBXNativeTarget "InstagramClone" */;
			buildPhases = (
				7337686FC1158298A0CC609A /* [CP] Check Pods Manifest.lock */,
				C50C9D0022ED12A700A22A5D /* Sources */,
				C50C9D0122ED12A700A22A5D /* Frameworks */,
				C50C9D0222ED12A700A22A5D /* Resources */,
				C5E3815622F5A5EF0093D2F3 /* ShellScript */,
				B5B117DEC81D4659873AC362 /* [CP] Copy Pods Resources */,
			);
			buildRules = (
			);
			dependencies = (
			);
			name = InstagramClone;
			productName = InstagramClone;
			productReference = C50C9D0422ED12A700A22A5D /* InstagramClone.app */;
			productType = "com.apple.product-type.application";
		};
/* End PBXNativeTarget section */

/* Begin PBXProject section */
		C50C9CFC22ED12A700A22A5D /* Project object */ = {
			isa = PBXProject;
			attributes = {
				LastSwiftUpdateCheck = 1020;
				LastUpgradeCheck = 1020;
				ORGANIZATIONNAME = "Ahmed Amr";
				TargetAttributes = {
					C50C9D0322ED12A700A22A5D = {
						CreatedOnToolsVersion = 10.2.1;
					};
				};
			};
			buildConfigurationList = C50C9CFF22ED12A700A22A5D /* Build configuration list for PBXProject "InstagramClone" */;
			compatibilityVersion = "Xcode 9.3";
			developmentRegion = en;
			hasScannedForEncodings = 0;
			knownRegions = (
				en,
				Base,
			);
			mainGroup = C50C9CFB22ED12A700A22A5D;
			productRefGroup = C50C9D0522ED12A700A22A5D /* Products */;
			projectDirPath = "";
			projectRoot = "";
			targets = (
				C50C9D0322ED12A700A22A5D /* InstagramClone */,
			);
		};
/* End PBXProject section */

/* Begin PBXResourcesBuildPhase section */
		C50C9D0222ED12A700A22A5D /* Resources */ = {
			isa = PBXResourcesBuildPhase;
			buildActionMask = 2147483647;
			files = (
				C50C9D1222ED12AA00A22A5D /* LaunchScreen.storyboard in Resources */,
				C50C9D3022EE8B8E00A22A5D /* GoogleService-Info.plist in Resources */,
				C50C9D0F22ED12AA00A22A5D /* Assets.xcassets in Resources */,
			);
			runOnlyForDeploymentPostprocessing = 0;
		};
/* End PBXResourcesBuildPhase section */

/* Begin PBXShellScriptBuildPhase section */
		7337686FC1158298A0CC609A /* [CP] Check Pods Manifest.lock */ = {
			isa = PBXShellScriptBuildPhase;
			buildActionMask = 2147483647;
			files = (
			);
			inputPaths = (
				"${PODS_PODFILE_DIR_PATH}/Podfile.lock",
				"${PODS_ROOT}/Manifest.lock",
			);
			name = "[CP] Check Pods Manifest.lock";
			outputPaths = (
				"$(DERIVED_FILE_DIR)/Pods-InstagramClone-checkManifestLockResult.txt",
			);
			runOnlyForDeploymentPostprocessing = 0;
			shellPath = /bin/sh;
			shellScript = "diff \"${PODS_PODFILE_DIR_PATH}/Podfile.lock\" \"${PODS_ROOT}/Manifest.lock\" > /dev/null\nif [ $? != 0 ] ; then\n    # print error to STDERR\n    echo \"error: The sandbox is not in sync with the Podfile.lock. Run 'pod install' or update your CocoaPods installation.\" >&2\n    exit 1\nfi\n# This output is used by Xcode 'outputs' to avoid re-running this script phase.\necho \"SUCCESS\" > \"${SCRIPT_OUTPUT_FILE_0}\"\n";
			showEnvVarsInLog = 0;
		};
		B5B117DEC81D4659873AC362 /* [CP] Copy Pods Resources */ = {
			isa = PBXShellScriptBuildPhase;
			buildActionMask = 2147483647;
			files = (
			);
			inputFileListPaths = (
				"${PODS_ROOT}/Target Support Files/Pods-InstagramClone/Pods-InstagramClone-resources-${CONFIGURATION}-input-files.xcfilelist",
			);
			name = "[CP] Copy Pods Resources";
			outputFileListPaths = (
				"${PODS_ROOT}/Target Support Files/Pods-InstagramClone/Pods-InstagramClone-resources-${CONFIGURATION}-output-files.xcfilelist",
			);
			runOnlyForDeploymentPostprocessing = 0;
			shellPath = /bin/sh;
			shellScript = "\"${PODS_ROOT}/Target Support Files/Pods-InstagramClone/Pods-InstagramClone-resources.sh\"\n";
			showEnvVarsInLog = 0;
		};
		C5E3815622F5A5EF0093D2F3 /* ShellScript */ = {
			isa = PBXShellScriptBuildPhase;
			buildActionMask = 2147483647;
			files = (
			);
			inputFileListPaths = (
			);
			inputPaths = (
			);
			outputFileListPaths = (
			);
			outputPaths = (
			);
			runOnlyForDeploymentPostprocessing = 0;
			shellPath = /bin/sh;
			shellScript = "# Type a script or drag a script file from your workspace to insert its path.\nif which swiftlint >/dev/null; then\nswiftlint\nelse\necho \"warning: SwiftLint not installed, download from https://github.com/realm/SwiftLint\"\nfi\n";
		};
/* End PBXShellScriptBuildPhase section */

/* Begin PBXSourcesBuildPhase section */
		C50C9D0022ED12A700A22A5D /* Sources */ = {
			isa = PBXSourcesBuildPhase;
			buildActionMask = 2147483647;
			files = (
				C5A87FB92311D5160087A3E4 /* SharePhotoController.swift in Sources */,
				C5560E8F23DE8DD8007D9F5F /* SearchCell.swift in Sources */,
				C50C9D2422ED1F9100A22A5D /* UIStackView+Helper.swift in Sources */,
				C50C9D2C22ED553500A22A5D /* Colors.swift in Sources */,
				C5FCECFA234ADC9300BAD054 /* UserSearchController.swift in Sources */,
				C5BF76192340F06B00D892FC /* Post.swift in Sources */,
				C50C9D2522ED1F9100A22A5D /* UIView+Anchors.swift in Sources */,
				C558C4DE246A0CCE005CFF4C /* DateManager.swift in Sources */,
				C5C33C6E246F901700B8EC84 /* VideoPlayer.swift in Sources */,
				C50C9D2222ED1F9100A22A5D /* UILabel+Helper.swift in Sources */,
				C58C7E3B2341636B00BF4265 /* HomeController.swift in Sources */,
				C5AAFA3A22F143BB0018C012 /* Validations.swift in Sources */,
				C5FCECFC234AE1AC00BAD054 /* UISearchbar+Helper.swift in Sources */,
				C50C9D2E22ED563A00A22A5D /* Fonts.swift in Sources */,
				C50C9D2822ED1F9100A22A5D /* UITextView+Helper.swift in Sources */,
				C50C9D2322ED1F9100A22A5D /* UIButton+Helper.swift in Sources */,
				C5516B36246D46540087CB10 /* SceneDelegate.swift in Sources */,
				C58C7E3D234171BD00BF4265 /* HomePostCell.swift in Sources */,
				C50C9D3422EFAD0400A22A5D /* ImagePickerHelper.swift in Sources */,
				C50C9D3822EFDB7500A22A5D /* UserProfileController.swift in Sources */,
				C5E3815522F590C20093D2F3 /* PhotoSelectorCell.swift in Sources */,
				C50C9D2622ED1F9100A22A5D /* CALayer+Helper.swift in Sources */,
				C50DA47C23D605D7003CB483 /* ViewController+Helper.swift in Sources */,
				C50C9D0A22ED12A700A22A5D /* SignUpController.swift in Sources */,
				C50C9D3B22F005AB00A22A5D /* UserProfileHeader.swift in Sources */,
				C50C9D3622EFD9AD00A22A5D /* MainTabBarController.swift in Sources */,
				C5AAFA3722F125180018C012 /* LoginController.swift in Sources */,
				C503CE842346D6FC00D3C7D7 /* User.swift in Sources */,
				C50C9D2922ED1F9100A22A5D /* UIImage+Helper.swift in Sources */,
				C50C9D0822ED12A700A22A5D /* AppDelegate.swift in Sources */,
				C5BF761B2340F4EF00D892FC /* UserProfilePhotoCell.swift in Sources */,
				C50C9D3D22F007DB00A22A5D /* Cells+Helper.swift in Sources */,
				C56AB2F5232FC8F70091D1A8 /* Firebase+Helper.swift in Sources */,
				C50C9D2722ED1F9100A22A5D /* UIColor+Helper.swift in Sources */,
				C570F161246D1DC1003E8B0B /* CameraController.swift in Sources */,
				C5A453CE22F55B330014F91F /* PhotoSelectorController.swift in Sources */,
			);
			runOnlyForDeploymentPostprocessing = 0;
		};
/* End PBXSourcesBuildPhase section */

/* Begin PBXVariantGroup section */
		C50C9D1022ED12AA00A22A5D /* LaunchScreen.storyboard */ = {
			isa = PBXVariantGroup;
			children = (
				C50C9D1122ED12AA00A22A5D /* Base */,
			);
			name = LaunchScreen.storyboard;
			sourceTree = "<group>";
		};
/* End PBXVariantGroup section */

/* Begin XCBuildConfiguration section */
		C50C9D1422ED12AA00A22A5D /* Debug */ = {
			isa = XCBuildConfiguration;
			buildSettings = {
				ALWAYS_SEARCH_USER_PATHS = NO;
				CLANG_ANALYZER_NONNULL = YES;
				CLANG_ANALYZER_NUMBER_OBJECT_CONVERSION = YES_AGGRESSIVE;
				CLANG_CXX_LANGUAGE_STANDARD = "gnu++14";
				CLANG_CXX_LIBRARY = "libc++";
				CLANG_ENABLE_MODULES = YES;
				CLANG_ENABLE_OBJC_ARC = YES;
				CLANG_ENABLE_OBJC_WEAK = YES;
				CLANG_WARN_BLOCK_CAPTURE_AUTORELEASING = YES;
				CLANG_WARN_BOOL_CONVERSION = YES;
				CLANG_WARN_COMMA = YES;
				CLANG_WARN_CONSTANT_CONVERSION = YES;
				CLANG_WARN_DEPRECATED_OBJC_IMPLEMENTATIONS = YES;
				CLANG_WARN_DIRECT_OBJC_ISA_USAGE = YES_ERROR;
				CLANG_WARN_DOCUMENTATION_COMMENTS = YES;
				CLANG_WARN_EMPTY_BODY = YES;
				CLANG_WARN_ENUM_CONVERSION = YES;
				CLANG_WARN_INFINITE_RECURSION = YES;
				CLANG_WARN_INT_CONVERSION = YES;
				CLANG_WARN_NON_LITERAL_NULL_CONVERSION = YES;
				CLANG_WARN_OBJC_IMPLICIT_RETAIN_SELF = YES;
				CLANG_WARN_OBJC_LITERAL_CONVERSION = YES;
				CLANG_WARN_OBJC_ROOT_CLASS = YES_ERROR;
				CLANG_WARN_RANGE_LOOP_ANALYSIS = YES;
				CLANG_WARN_STRICT_PROTOTYPES = YES;
				CLANG_WARN_SUSPICIOUS_MOVE = YES;
				CLANG_WARN_UNGUARDED_AVAILABILITY = YES_AGGRESSIVE;
				CLANG_WARN_UNREACHABLE_CODE = YES;
				CLANG_WARN__DUPLICATE_METHOD_MATCH = YES;
				CODE_SIGN_IDENTITY = "iPhone Developer";
				COPY_PHASE_STRIP = NO;
				DEBUG_INFORMATION_FORMAT = dwarf;
				ENABLE_STRICT_OBJC_MSGSEND = YES;
				ENABLE_TESTABILITY = YES;
				GCC_C_LANGUAGE_STANDARD = gnu11;
				GCC_DYNAMIC_NO_PIC = NO;
				GCC_NO_COMMON_BLOCKS = YES;
				GCC_OPTIMIZATION_LEVEL = 0;
				GCC_PREPROCESSOR_DEFINITIONS = (
					"DEBUG=1",
					"$(inherited)",
				);
				GCC_WARN_64_TO_32_BIT_CONVERSION = YES;
				GCC_WARN_ABOUT_RETURN_TYPE = YES_ERROR;
				GCC_WARN_UNDECLARED_SELECTOR = YES;
				GCC_WARN_UNINITIALIZED_AUTOS = YES_AGGRESSIVE;
				GCC_WARN_UNUSED_FUNCTION = YES;
				GCC_WARN_UNUSED_VARIABLE = YES;
				IPHONEOS_DEPLOYMENT_TARGET = 12.2;
				MTL_ENABLE_DEBUG_INFO = INCLUDE_SOURCE;
				MTL_FAST_MATH = YES;
				ONLY_ACTIVE_ARCH = YES;
				SDKROOT = iphoneos;
				SWIFT_ACTIVE_COMPILATION_CONDITIONS = DEBUG;
				SWIFT_OPTIMIZATION_LEVEL = "-Onone";
			};
			name = Debug;
		};
		C50C9D1522ED12AA00A22A5D /* Release */ = {
			isa = XCBuildConfiguration;
			buildSettings = {
				ALWAYS_SEARCH_USER_PATHS = NO;
				CLANG_ANALYZER_NONNULL = YES;
				CLANG_ANALYZER_NUMBER_OBJECT_CONVERSION = YES_AGGRESSIVE;
				CLANG_CXX_LANGUAGE_STANDARD = "gnu++14";
				CLANG_CXX_LIBRARY = "libc++";
				CLANG_ENABLE_MODULES = YES;
				CLANG_ENABLE_OBJC_ARC = YES;
				CLANG_ENABLE_OBJC_WEAK = YES;
				CLANG_WARN_BLOCK_CAPTURE_AUTORELEASING = YES;
				CLANG_WARN_BOOL_CONVERSION = YES;
				CLANG_WARN_COMMA = YES;
				CLANG_WARN_CONSTANT_CONVERSION = YES;
				CLANG_WARN_DEPRECATED_OBJC_IMPLEMENTATIONS = YES;
				CLANG_WARN_DIRECT_OBJC_ISA_USAGE = YES_ERROR;
				CLANG_WARN_DOCUMENTATION_COMMENTS = YES;
				CLANG_WARN_EMPTY_BODY = YES;
				CLANG_WARN_ENUM_CONVERSION = YES;
				CLANG_WARN_INFINITE_RECURSION = YES;
				CLANG_WARN_INT_CONVERSION = YES;
				CLANG_WARN_NON_LITERAL_NULL_CONVERSION = YES;
				CLANG_WARN_OBJC_IMPLICIT_RETAIN_SELF = YES;
				CLANG_WARN_OBJC_LITERAL_CONVERSION = YES;
				CLANG_WARN_OBJC_ROOT_CLASS = YES_ERROR;
				CLANG_WARN_RANGE_LOOP_ANALYSIS = YES;
				CLANG_WARN_STRICT_PROTOTYPES = YES;
				CLANG_WARN_SUSPICIOUS_MOVE = YES;
				CLANG_WARN_UNGUARDED_AVAILABILITY = YES_AGGRESSIVE;
				CLANG_WARN_UNREACHABLE_CODE = YES;
				CLANG_WARN__DUPLICATE_METHOD_MATCH = YES;
				CODE_SIGN_IDENTITY = "iPhone Developer";
				COPY_PHASE_STRIP = NO;
				DEBUG_INFORMATION_FORMAT = "dwarf-with-dsym";
				ENABLE_NS_ASSERTIONS = NO;
				ENABLE_STRICT_OBJC_MSGSEND = YES;
				GCC_C_LANGUAGE_STANDARD = gnu11;
				GCC_NO_COMMON_BLOCKS = YES;
				GCC_WARN_64_TO_32_BIT_CONVERSION = YES;
				GCC_WARN_ABOUT_RETURN_TYPE = YES_ERROR;
				GCC_WARN_UNDECLARED_SELECTOR = YES;
				GCC_WARN_UNINITIALIZED_AUTOS = YES_AGGRESSIVE;
				GCC_WARN_UNUSED_FUNCTION = YES;
				GCC_WARN_UNUSED_VARIABLE = YES;
				IPHONEOS_DEPLOYMENT_TARGET = 12.2;
				MTL_ENABLE_DEBUG_INFO = NO;
				MTL_FAST_MATH = YES;
				SDKROOT = iphoneos;
				SWIFT_COMPILATION_MODE = wholemodule;
				SWIFT_OPTIMIZATION_LEVEL = "-O";
				VALIDATE_PRODUCT = YES;
			};
			name = Release;
		};
		C50C9D1722ED12AA00A22A5D /* Debug */ = {
			isa = XCBuildConfiguration;
			baseConfigurationReference = A9A29ABF5AC2E8453D223EFB /* Pods-InstagramClone.debug.xcconfig */;
			buildSettings = {
				ASSETCATALOG_COMPILER_APPICON_NAME = AppIcon;
				CODE_SIGN_STYLE = Automatic;
				DEVELOPMENT_TEAM = H2XQP39QVX;
				INFOPLIST_FILE = InstagramClone/Info.plist;
				IPHONEOS_DEPLOYMENT_TARGET = 13.2;
				LD_RUNPATH_SEARCH_PATHS = (
					"$(inherited)",
					"@executable_path/Frameworks",
				);
				PRODUCT_BUNDLE_IDENTIFIER = com.Ahmedattia.InstagramClone;
				PRODUCT_NAME = "$(TARGET_NAME)";
				SWIFT_VERSION = 5.0;
				TARGETED_DEVICE_FAMILY = 1;
			};
			name = Debug;
		};
		C50C9D1822ED12AA00A22A5D /* Release */ = {
			isa = XCBuildConfiguration;
			baseConfigurationReference = BDAD195EDC7150F40FC79731 /* Pods-InstagramClone.release.xcconfig */;
			buildSettings = {
				ASSETCATALOG_COMPILER_APPICON_NAME = AppIcon;
				CODE_SIGN_STYLE = Automatic;
				DEVELOPMENT_TEAM = H2XQP39QVX;
				INFOPLIST_FILE = InstagramClone/Info.plist;
				IPHONEOS_DEPLOYMENT_TARGET = 13.2;
				LD_RUNPATH_SEARCH_PATHS = (
					"$(inherited)",
					"@executable_path/Frameworks",
				);
				PRODUCT_BUNDLE_IDENTIFIER = com.Ahmedattia.InstagramClone;
				PRODUCT_NAME = "$(TARGET_NAME)";
				SWIFT_VERSION = 5.0;
				TARGETED_DEVICE_FAMILY = 1;
			};
			name = Release;
		};
/* End XCBuildConfiguration section */

/* Begin XCConfigurationList section */
		C50C9CFF22ED12A700A22A5D /* Build configuration list for PBXProject "InstagramClone" */ = {
			isa = XCConfigurationList;
			buildConfigurations = (
				C50C9D1422ED12AA00A22A5D /* Debug */,
				C50C9D1522ED12AA00A22A5D /* Release */,
			);
			defaultConfigurationIsVisible = 0;
			defaultConfigurationName = Release;
		};
		C50C9D1622ED12AA00A22A5D /* Build configuration list for PBXNativeTarget "InstagramClone" */ = {
			isa = XCConfigurationList;
			buildConfigurations = (
				C50C9D1722ED12AA00A22A5D /* Debug */,
				C50C9D1822ED12AA00A22A5D /* Release */,
			);
			defaultConfigurationIsVisible = 0;
			defaultConfigurationName = Release;
		};
/* End XCConfigurationList section */
	};
	rootObject = C50C9CFC22ED12A700A22A5D /* Project object */;
}
